
Microsoft Visual Studio Solution File, Format Version 12.00
Project("{FAE04EC0-301F-11D3-BF4B-00C04F79EFBC}") = "IPMA.Core", "IPMA.Core\IPMA.Core.csproj", "{0262248B-A067-471D-9690-472DBB123921}"
EndProject
Project("{FAE04EC0-301F-11D3-BF4B-00C04F79EFBC}") = "IPMA.Web", "IPMA.Web\IPMA.Web.csproj", "{79A79EE3-8DF3-427C-8422-432D43FF2C62}"
EndProject
Global
	GlobalSection(SolutionConfigurationPlatforms) = preSolution
		Debug|Any CPU = Debug|Any CPU
		Release|Any CPU = Release|Any CPU
	EndGlobalSection
	GlobalSection(ProjectConfigurationPlatforms) = postSolution
		{0262248B-A067-471D-9690-472DBB123921}.Debug|Any CPU.ActiveCfg = Debug|Any CPU
		{0262248B-A067-471D-9690-472DBB123921}.Debug|Any CPU.Build.0 = Debug|Any CPU
		{0262248B-A067-471D-9690-472DBB123921}.Release|Any CPU.ActiveCfg = Release|Any CPU
		{0262248B-A067-471D-9690-472DBB123921}.Release|Any CPU.Build.0 = Release|Any CPU
		{79A79EE3-8DF3-427C-8422-432D43FF2C62}.Debug|Any CPU.ActiveCfg = Debug|Any CPU
		{79A79EE3-8DF3-427C-8422-432D43FF2C62}.Debug|Any CPU.Build.0 = Debug|Any CPU
		{79A79EE3-8DF3-427C-8422-432D43FF2C62}.Release|Any CPU.ActiveCfg = Release|Any CPU
		{79A79EE3-8DF3-427C-8422-432D43FF2C62}.Release|Any CPU.Build.0 = Release|Any CPU
	EndGlobalSection
EndGlobal
